
Microsoft Visual Studio Solution File, Format Version 12.00
# Visual Studio Version 16
VisualStudioVersion = 16.0.29709.97
MinimumVisualStudioVersion = 10.0.40219.1
Project("{FAE04EC0-301F-11D3-BF4B-00C04F79EFBC}") = "CandidatosPuestoMunicipal", "CandidatosPuestoMunicipal.csproj", "{314A0F4A-94B6-4F6A-AE50-1DF0D0587B31}"
EndProject
Global
	GlobalSection(SolutionConfigurationPlatforms) = preSolution
		Debug|Any CPU = Debug|Any CPU
		Release|Any CPU = Release|Any CPU
	EndGlobalSection
	GlobalSection(ProjectConfigurationPlatforms) = postSolution
		{314A0F4A-94B6-4F6A-AE50-1DF0D0587B31}.Debug|Any CPU.ActiveCfg = Debug|Any CPU
		{314A0F4A-94B6-4F6A-AE50-1DF0D0587B31}.Debug|Any CPU.Build.0 = Debug|Any CPU
		{314A0F4A-94B6-4F6A-AE50-1DF0D0587B31}.Release|Any CPU.ActiveCfg = Release|Any CPU
		{314A0F4A-94B6-4F6A-AE50-1DF0D0587B31}.Release|Any CPU.Build.0 = Release|Any CPU
	EndGlobalSection
	GlobalSection(SolutionProperties) = preSolution
		HideSolutionNode = FALSE
	EndGlobalSection
	GlobalSection(ExtensibilityGlobals) = postSolution
		SolutionGuid = {5158EDE0-C63B-497A-ABEB-40872FA1FD0A}
	EndGlobalSection
EndGlobal
