
Microsoft Visual Studio Solution File, Format Version 12.00
# Visual Studio Version 16
VisualStudioVersion = 16.0.29709.97
MinimumVisualStudioVersion = 10.0.40219.1
Project("{FAE04EC0-301F-11D3-BF4B-00C04F79EFBC}") = "PartidosGanados", "PartidosGanados.csproj", "{6482F8BE-A06B-4635-B7C3-0BB3546298FD}"
EndProject
Global
	GlobalSection(SolutionConfigurationPlatforms) = preSolution
		Debug|Any CPU = Debug|Any CPU
		Release|Any CPU = Release|Any CPU
	EndGlobalSection
	GlobalSection(ProjectConfigurationPlatforms) = postSolution
		{6482F8BE-A06B-4635-B7C3-0BB3546298FD}.Debug|Any CPU.ActiveCfg = Debug|Any CPU
		{6482F8BE-A06B-4635-B7C3-0BB3546298FD}.Debug|Any CPU.Build.0 = Debug|Any CPU
		{6482F8BE-A06B-4635-B7C3-0BB3546298FD}.Release|Any CPU.ActiveCfg = Release|Any CPU
		{6482F8BE-A06B-4635-B7C3-0BB3546298FD}.Release|Any CPU.Build.0 = Release|Any CPU
	EndGlobalSection
	GlobalSection(SolutionProperties) = preSolution
		HideSolutionNode = FALSE
	EndGlobalSection
	GlobalSection(ExtensibilityGlobals) = postSolution
		SolutionGuid = {4358A280-3926-465E-9D64-8DE2C4324B50}
	EndGlobalSection
EndGlobal
