
Microsoft Visual Studio Solution File, Format Version 12.00
# Visual Studio Version 16
VisualStudioVersion = 16.0.29709.97
MinimumVisualStudioVersion = 10.0.40219.1
Project("{FAE04EC0-301F-11D3-BF4B-00C04F79EFBC}") = "Nombre", "Nombre.csproj", "{8DB80AD5-86FB-4DCB-91E9-ABED6A9F6A26}"
EndProject
Global
	GlobalSection(SolutionConfigurationPlatforms) = preSolution
		Debug|Any CPU = Debug|Any CPU
		Release|Any CPU = Release|Any CPU
	EndGlobalSection
	GlobalSection(ProjectConfigurationPlatforms) = postSolution
		{8DB80AD5-86FB-4DCB-91E9-ABED6A9F6A26}.Debug|Any CPU.ActiveCfg = Debug|Any CPU
		{8DB80AD5-86FB-4DCB-91E9-ABED6A9F6A26}.Debug|Any CPU.Build.0 = Debug|Any CPU
		{8DB80AD5-86FB-4DCB-91E9-ABED6A9F6A26}.Release|Any CPU.ActiveCfg = Release|Any CPU
		{8DB80AD5-86FB-4DCB-91E9-ABED6A9F6A26}.Release|Any CPU.Build.0 = Release|Any CPU
	EndGlobalSection
	GlobalSection(SolutionProperties) = preSolution
		HideSolutionNode = FALSE
	EndGlobalSection
	GlobalSection(ExtensibilityGlobals) = postSolution
		SolutionGuid = {FFF0F278-EB59-4FD0-8F11-D28140832D91}
	EndGlobalSection
EndGlobal
