
Microsoft Visual Studio Solution File, Format Version 12.00
# Visual Studio Version 16
VisualStudioVersion = 16.0.29709.97
MinimumVisualStudioVersion = 10.0.40219.1
Project("{FAE04EC0-301F-11D3-BF4B-00C04F79EFBC}") = "CuadrantePositivo", "CuadrantePositivo.csproj", "{887B32E5-0C5D-42DC-BDCC-260D37B0F2A7}"
EndProject
Global
	GlobalSection(SolutionConfigurationPlatforms) = preSolution
		Debug|Any CPU = Debug|Any CPU
		Release|Any CPU = Release|Any CPU
	EndGlobalSection
	GlobalSection(ProjectConfigurationPlatforms) = postSolution
		{887B32E5-0C5D-42DC-BDCC-260D37B0F2A7}.Debug|Any CPU.ActiveCfg = Debug|Any CPU
		{887B32E5-0C5D-42DC-BDCC-260D37B0F2A7}.Debug|Any CPU.Build.0 = Debug|Any CPU
		{887B32E5-0C5D-42DC-BDCC-260D37B0F2A7}.Release|Any CPU.ActiveCfg = Release|Any CPU
		{887B32E5-0C5D-42DC-BDCC-260D37B0F2A7}.Release|Any CPU.Build.0 = Release|Any CPU
	EndGlobalSection
	GlobalSection(SolutionProperties) = preSolution
		HideSolutionNode = FALSE
	EndGlobalSection
	GlobalSection(ExtensibilityGlobals) = postSolution
		SolutionGuid = {F10398E7-ED94-43AE-A55B-D59E271AF9C5}
	EndGlobalSection
EndGlobal
